
Microsoft Visual Studio Solution File, Format Version 12.00
# Visual Studio Version 17
VisualStudioVersion = 17.12.35707.178 d17.12
MinimumVisualStudioVersion = 10.0.40219.1
Project("{FAE04EC0-301F-11D3-BF4B-00C04F79EFBC}") = "Venda.API", "Venda.API\Venda.API.csproj", "{C26EBCEE-7A7E-4B4B-B426-0DCB0DC8D2F4}"
EndProject
Project("{2150E333-8FDC-42A3-9474-1A3956D46DE8}") = "Itens de Solução", "Itens de Solução", "{019378AE-D1DF-497A-ADEE-1986526031F3}"
	ProjectSection(SolutionItems) = preProject
		Schema.sql = Schema.sql
		Read.mD = Read.mD
	EndProjectSection
EndProject
Project("{FAE04EC0-301F-11D3-BF4B-00C04F79EFBC}") = "Venda.DOMAIN", "Venda.DOMAIN\Venda.DOMAIN.csproj", "{1CF389A5-4B8C-4BCE-B91B-315BD7512272}"
EndProject
Project("{2150E333-8FDC-42A3-9474-1A3956D46DE8}") = "Front", "Front", "{EB76EF7D-25E8-4F1D-967E-6487E268AABA}"
EndProject
Global
	GlobalSection(SolutionConfigurationPlatforms) = preSolution
		Debug|Any CPU = Debug|Any CPU
		Release|Any CPU = Release|Any CPU
	EndGlobalSection
	GlobalSection(ProjectConfigurationPlatforms) = postSolution
		{C26EBCEE-7A7E-4B4B-B426-0DCB0DC8D2F4}.Debug|Any CPU.ActiveCfg = Debug|Any CPU
		{C26EBCEE-7A7E-4B4B-B426-0DCB0DC8D2F4}.Debug|Any CPU.Build.0 = Debug|Any CPU
		{C26EBCEE-7A7E-4B4B-B426-0DCB0DC8D2F4}.Release|Any CPU.ActiveCfg = Release|Any CPU
		{C26EBCEE-7A7E-4B4B-B426-0DCB0DC8D2F4}.Release|Any CPU.Build.0 = Release|Any CPU
		{1CF389A5-4B8C-4BCE-B91B-315BD7512272}.Debug|Any CPU.ActiveCfg = Debug|Any CPU
		{1CF389A5-4B8C-4BCE-B91B-315BD7512272}.Debug|Any CPU.Build.0 = Debug|Any CPU
		{1CF389A5-4B8C-4BCE-B91B-315BD7512272}.Release|Any CPU.ActiveCfg = Release|Any CPU
		{1CF389A5-4B8C-4BCE-B91B-315BD7512272}.Release|Any CPU.Build.0 = Release|Any CPU
	EndGlobalSection
	GlobalSection(SolutionProperties) = preSolution
		HideSolutionNode = FALSE
	EndGlobalSection
EndGlobal
